
Microsoft Visual Studio Solution File, Format Version 12.00
# Visual Studio Version 17
VisualStudioVersion = 17.2.32616.157
MinimumVisualStudioVersion = 10.0.40219.1
Project("{8BC9CEB8-8B4A-11D0-8D11-00A0C91BC942}") = "PP_2", "PP_2\PP_2.vcxproj", "{17ACA152-80F4-4508-BA45-8B4235EF1D07}"
EndProject
Global
	GlobalSection(SolutionConfigurationPlatforms) = preSolution
		Debug|x64 = Debug|x64
		Debug|x86 = Debug|x86
		Release|x64 = Release|x64
		Release|x86 = Release|x86
	EndGlobalSection
	GlobalSection(ProjectConfigurationPlatforms) = postSolution
		{17ACA152-80F4-4508-BA45-8B4235EF1D07}.Debug|x64.ActiveCfg = Debug|x64
		{17ACA152-80F4-4508-BA45-8B4235EF1D07}.Debug|x64.Build.0 = Debug|x64
		{17ACA152-80F4-4508-BA45-8B4235EF1D07}.Debug|x86.ActiveCfg = Debug|Win32
		{17ACA152-80F4-4508-BA45-8B4235EF1D07}.Debug|x86.Build.0 = Debug|Win32
		{17ACA152-80F4-4508-BA45-8B4235EF1D07}.Release|x64.ActiveCfg = Release|x64
		{17ACA152-80F4-4508-BA45-8B4235EF1D07}.Release|x64.Build.0 = Release|x64
		{17ACA152-80F4-4508-BA45-8B4235EF1D07}.Release|x86.ActiveCfg = Release|Win32
		{17ACA152-80F4-4508-BA45-8B4235EF1D07}.Release|x86.Build.0 = Release|Win32
	EndGlobalSection
	GlobalSection(SolutionProperties) = preSolution
		HideSolutionNode = FALSE
	EndGlobalSection
	GlobalSection(ExtensibilityGlobals) = postSolution
		SolutionGuid = {B9666628-6BD8-49D8-B677-CA97580F95C7}
	EndGlobalSection
EndGlobal
